
Microsoft Visual Studio Solution File, Format Version 12.00
# Visual Studio Version 17
VisualStudioVersion = 17.14.36518.9
MinimumVisualStudioVersion = 10.0.40219.1
Project("{8BC9CEB8-8B4A-11D0-8D11-00A0C91BC942}") = "01-FunctionPointers_1", "CppCourse2Examples.vcxproj", "{21BAA189-3C25-4456-9D1E-746F3B716ED0}"
EndProject
Project("{8BC9CEB8-8B4A-11D0-8D11-00A0C91BC942}") = "02-FunctionPointers_2", "02-FunctionPointers_2\02-FunctionPointers_2.vcxproj", "{C7AFABE4-CC7E-4FD1-8AB1-D9DEED323F9B}"
EndProject
Project("{8BC9CEB8-8B4A-11D0-8D11-00A0C91BC942}") = "03_FunctionPointers_3", "03_FunctionPointers_3\03_FunctionPointers_3.vcxproj", "{1439684C-C09C-40B3-8A87-8213ECE5769D}"
EndProject
Project("{8BC9CEB8-8B4A-11D0-8D11-00A0C91BC942}") = "04_FunctionPointers_4", "04_FunctionPointers_4\04_FunctionPointers_4.vcxproj", "{956F3497-36C2-416B-AE04-995BF71D5D08}"
EndProject
Project("{8BC9CEB8-8B4A-11D0-8D11-00A0C91BC942}") = "05_stdBind_1", "05_stdBind_1\05_stdBind_1.vcxproj", "{C1D42B68-AC08-40EC-9FE5-F19231AA629C}"
EndProject
Project("{8BC9CEB8-8B4A-11D0-8D11-00A0C91BC942}") = "06_stdBind_2", "06_stdBind_2\06_stdBind_2.vcxproj", "{E10D9590-FEB7-4779-A5FB-8285878C335B}"
EndProject
Project("{8BC9CEB8-8B4A-11D0-8D11-00A0C91BC942}") = "07_Functors_1", "07_Functors_1\07_Functors_1.vcxproj", "{FA9959FE-0288-4460-B823-77B1F6617C7C}"
EndProject
Project("{8BC9CEB8-8B4A-11D0-8D11-00A0C91BC942}") = "09_Lambdas_2", "09_Lambdas_2\09_Lambdas_2.vcxproj", "{B342C641-4BC7-4FCE-A112-CF427732A9EA}"
EndProject
Project("{8BC9CEB8-8B4A-11D0-8D11-00A0C91BC942}") = "11_stdFunction_2", "11_stdFunction_2\11_stdFunction_2.vcxproj", "{BFCAF51D-D6CA-4E86-80F2-A0703CD43B2E}"
EndProject
Project("{8BC9CEB8-8B4A-11D0-8D11-00A0C91BC942}") = "08_Lambdas_1", "08_Lambdas_1\08_Lambdas_1.vcxproj", "{531FC094-FDF4-4BDA-89C2-1E8878E62D5A}"
EndProject
Project("{8BC9CEB8-8B4A-11D0-8D11-00A0C91BC942}") = "10_stdFunction_1", "10_stdFunction_1\10_stdFunction_1.vcxproj", "{E8539D47-C0D3-4D59-97CD-0C49645371DC}"
EndProject
Project("{8BC9CEB8-8B4A-11D0-8D11-00A0C91BC942}") = "12_Templates_1", "12_Templates_1\12_Templates_1.vcxproj", "{4FC17390-3ADB-4ED6-86D0-9E578ECCA8C7}"
EndProject
Project("{8BC9CEB8-8B4A-11D0-8D11-00A0C91BC942}") = "13_Templates_2", "13_Templates_2\13_Templates_2.vcxproj", "{65F78177-0BB6-4235-90C4-61CFB1FFE286}"
EndProject
Project("{8BC9CEB8-8B4A-11D0-8D11-00A0C91BC942}") = "14_Templates_type_deduction_1", "14_Templates_type_deduction_1\14_Templates_type_deduction_1.vcxproj", "{37DD2302-A81B-4209-88D8-B9A2662D8BDD}"
EndProject
Project("{8BC9CEB8-8B4A-11D0-8D11-00A0C91BC942}") = "15_Templates_type_restriction_1", "15_Templates_type_restriction_1\15_Templates_type_restriction_1.vcxproj", "{3F9D3187-C106-4DD7-8F47-836281B6C8BE}"
EndProject
Project("{8BC9CEB8-8B4A-11D0-8D11-00A0C91BC942}") = "16_Templates_type_restriction_2", "16_Templates_type_restriction_2\16_Templates_type_restriction_2.vcxproj", "{6D485CC6-5B59-476E-9A91-AB5FE774D5C7}"
EndProject
Project("{8BC9CEB8-8B4A-11D0-8D11-00A0C91BC942}") = "17_Templates_auto_1", "17_Templates_auto_1\17_Templates_auto_1.vcxproj", "{E16F7873-AB09-4CB5-8D5A-DD8ACBFF589E}"
EndProject
Project("{8BC9CEB8-8B4A-11D0-8D11-00A0C91BC942}") = "18_Templates_decltype", "18_Templates_decltype\18_Templates_decltype.vcxproj", "{747C4037-3857-489A-82F9-D251998FA298}"
EndProject
Project("{8BC9CEB8-8B4A-11D0-8D11-00A0C91BC942}") = "19_Templates_variadic_1", "19_Templates_variadic_1\19_Templates_variadic_1.vcxproj", "{E734950E-A5F8-42E3-A988-B75D55D7E9F8}"
EndProject
Project("{8BC9CEB8-8B4A-11D0-8D11-00A0C91BC942}") = "20_Xevent_demo_1", "20_Xevent_demo_1\20_Xevent_demo_1.vcxproj", "{B9B80D3C-6FAF-4A61-BB83-826C0C9CE469}"
EndProject
Project("{8BC9CEB8-8B4A-11D0-8D11-00A0C91BC942}") = "21_Templates_NTTP_1", "21_Templates_NTTP_1\21_Templates_NTTP_1.vcxproj", "{3E87681F-6FC6-4AA5-B319-E465948EF676}"
EndProject
Project("{8BC9CEB8-8B4A-11D0-8D11-00A0C91BC942}") = "22_SmartPointers_1", "22_SmartPointers_1\22_SmartPointers_1.vcxproj", "{C79EDAB8-5E6B-444A-AFEC-9B63CF2D17CE}"
EndProject
Global
	GlobalSection(SolutionConfigurationPlatforms) = preSolution
		Debug|x64 = Debug|x64
		Debug|x86 = Debug|x86
		Release|x64 = Release|x64
		Release|x86 = Release|x86
	EndGlobalSection
	GlobalSection(ProjectConfigurationPlatforms) = postSolution
		{21BAA189-3C25-4456-9D1E-746F3B716ED0}.Debug|x64.ActiveCfg = Debug|x64
		{21BAA189-3C25-4456-9D1E-746F3B716ED0}.Debug|x64.Build.0 = Debug|x64
		{21BAA189-3C25-4456-9D1E-746F3B716ED0}.Debug|x86.ActiveCfg = Debug|Win32
		{21BAA189-3C25-4456-9D1E-746F3B716ED0}.Debug|x86.Build.0 = Debug|Win32
		{21BAA189-3C25-4456-9D1E-746F3B716ED0}.Release|x64.ActiveCfg = Release|x64
		{21BAA189-3C25-4456-9D1E-746F3B716ED0}.Release|x64.Build.0 = Release|x64
		{21BAA189-3C25-4456-9D1E-746F3B716ED0}.Release|x86.ActiveCfg = Release|Win32
		{21BAA189-3C25-4456-9D1E-746F3B716ED0}.Release|x86.Build.0 = Release|Win32
		{C7AFABE4-CC7E-4FD1-8AB1-D9DEED323F9B}.Debug|x64.ActiveCfg = Debug|x64
		{C7AFABE4-CC7E-4FD1-8AB1-D9DEED323F9B}.Debug|x64.Build.0 = Debug|x64
		{C7AFABE4-CC7E-4FD1-8AB1-D9DEED323F9B}.Debug|x86.ActiveCfg = Debug|Win32
		{C7AFABE4-CC7E-4FD1-8AB1-D9DEED323F9B}.Debug|x86.Build.0 = Debug|Win32
		{C7AFABE4-CC7E-4FD1-8AB1-D9DEED323F9B}.Release|x64.ActiveCfg = Release|x64
		{C7AFABE4-CC7E-4FD1-8AB1-D9DEED323F9B}.Release|x64.Build.0 = Release|x64
		{C7AFABE4-CC7E-4FD1-8AB1-D9DEED323F9B}.Release|x86.ActiveCfg = Release|Win32
		{C7AFABE4-CC7E-4FD1-8AB1-D9DEED323F9B}.Release|x86.Build.0 = Release|Win32
		{1439684C-C09C-40B3-8A87-8213ECE5769D}.Debug|x64.ActiveCfg = Debug|x64
		{1439684C-C09C-40B3-8A87-8213ECE5769D}.Debug|x64.Build.0 = Debug|x64
		{1439684C-C09C-40B3-8A87-8213ECE5769D}.Debug|x86.ActiveCfg = Debug|Win32
		{1439684C-C09C-40B3-8A87-8213ECE5769D}.Debug|x86.Build.0 = Debug|Win32
		{1439684C-C09C-40B3-8A87-8213ECE5769D}.Release|x64.ActiveCfg = Release|x64
		{1439684C-C09C-40B3-8A87-8213ECE5769D}.Release|x64.Build.0 = Release|x64
		{1439684C-C09C-40B3-8A87-8213ECE5769D}.Release|x86.ActiveCfg = Release|Win32
		{1439684C-C09C-40B3-8A87-8213ECE5769D}.Release|x86.Build.0 = Release|Win32
		{956F3497-36C2-416B-AE04-995BF71D5D08}.Debug|x64.ActiveCfg = Debug|x64
		{956F3497-36C2-416B-AE04-995BF71D5D08}.Debug|x64.Build.0 = Debug|x64
		{956F3497-36C2-416B-AE04-995BF71D5D08}.Debug|x86.ActiveCfg = Debug|Win32
		{956F3497-36C2-416B-AE04-995BF71D5D08}.Debug|x86.Build.0 = Debug|Win32
		{956F3497-36C2-416B-AE04-995BF71D5D08}.Release|x64.ActiveCfg = Release|x64
		{956F3497-36C2-416B-AE04-995BF71D5D08}.Release|x64.Build.0 = Release|x64
		{956F3497-36C2-416B-AE04-995BF71D5D08}.Release|x86.ActiveCfg = Release|Win32
		{956F3497-36C2-416B-AE04-995BF71D5D08}.Release|x86.Build.0 = Release|Win32
		{C1D42B68-AC08-40EC-9FE5-F19231AA629C}.Debug|x64.ActiveCfg = Debug|x64
		{C1D42B68-AC08-40EC-9FE5-F19231AA629C}.Debug|x64.Build.0 = Debug|x64
		{C1D42B68-AC08-40EC-9FE5-F19231AA629C}.Debug|x86.ActiveCfg = Debug|Win32
		{C1D42B68-AC08-40EC-9FE5-F19231AA629C}.Debug|x86.Build.0 = Debug|Win32
		{C1D42B68-AC08-40EC-9FE5-F19231AA629C}.Release|x64.ActiveCfg = Release|x64
		{C1D42B68-AC08-40EC-9FE5-F19231AA629C}.Release|x64.Build.0 = Release|x64
		{C1D42B68-AC08-40EC-9FE5-F19231AA629C}.Release|x86.ActiveCfg = Release|Win32
		{C1D42B68-AC08-40EC-9FE5-F19231AA629C}.Release|x86.Build.0 = Release|Win32
		{E10D9590-FEB7-4779-A5FB-8285878C335B}.Debug|x64.ActiveCfg = Debug|x64
		{E10D9590-FEB7-4779-A5FB-8285878C335B}.Debug|x64.Build.0 = Debug|x64
		{E10D9590-FEB7-4779-A5FB-8285878C335B}.Debug|x86.ActiveCfg = Debug|Win32
		{E10D9590-FEB7-4779-A5FB-8285878C335B}.Debug|x86.Build.0 = Debug|Win32
		{E10D9590-FEB7-4779-A5FB-8285878C335B}.Release|x64.ActiveCfg = Release|x64
		{E10D9590-FEB7-4779-A5FB-8285878C335B}.Release|x64.Build.0 = Release|x64
		{E10D9590-FEB7-4779-A5FB-8285878C335B}.Release|x86.ActiveCfg = Release|Win32
		{E10D9590-FEB7-4779-A5FB-8285878C335B}.Release|x86.Build.0 = Release|Win32
		{FA9959FE-0288-4460-B823-77B1F6617C7C}.Debug|x64.ActiveCfg = Debug|x64
		{FA9959FE-0288-4460-B823-77B1F6617C7C}.Debug|x64.Build.0 = Debug|x64
		{FA9959FE-0288-4460-B823-77B1F6617C7C}.Debug|x86.ActiveCfg = Debug|Win32
		{FA9959FE-0288-4460-B823-77B1F6617C7C}.Debug|x86.Build.0 = Debug|Win32
		{FA9959FE-0288-4460-B823-77B1F6617C7C}.Release|x64.ActiveCfg = Release|x64
		{FA9959FE-0288-4460-B823-77B1F6617C7C}.Release|x64.Build.0 = Release|x64
		{FA9959FE-0288-4460-B823-77B1F6617C7C}.Release|x86.ActiveCfg = Release|Win32
		{FA9959FE-0288-4460-B823-77B1F6617C7C}.Release|x86.Build.0 = Release|Win32
		{B342C641-4BC7-4FCE-A112-CF427732A9EA}.Debug|x64.ActiveCfg = Debug|x64
		{B342C641-4BC7-4FCE-A112-CF427732A9EA}.Debug|x64.Build.0 = Debug|x64
		{B342C641-4BC7-4FCE-A112-CF427732A9EA}.Debug|x86.ActiveCfg = Debug|Win32
		{B342C641-4BC7-4FCE-A112-CF427732A9EA}.Debug|x86.Build.0 = Debug|Win32
		{B342C641-4BC7-4FCE-A112-CF427732A9EA}.Release|x64.ActiveCfg = Release|x64
		{B342C641-4BC7-4FCE-A112-CF427732A9EA}.Release|x64.Build.0 = Release|x64
		{B342C641-4BC7-4FCE-A112-CF427732A9EA}.Release|x86.ActiveCfg = Release|Win32
		{B342C641-4BC7-4FCE-A112-CF427732A9EA}.Release|x86.Build.0 = Release|Win32
		{BFCAF51D-D6CA-4E86-80F2-A0703CD43B2E}.Debug|x64.ActiveCfg = Debug|x64
		{BFCAF51D-D6CA-4E86-80F2-A0703CD43B2E}.Debug|x64.Build.0 = Debug|x64
		{BFCAF51D-D6CA-4E86-80F2-A0703CD43B2E}.Debug|x86.ActiveCfg = Debug|Win32
		{BFCAF51D-D6CA-4E86-80F2-A0703CD43B2E}.Debug|x86.Build.0 = Debug|Win32
		{BFCAF51D-D6CA-4E86-80F2-A0703CD43B2E}.Release|x64.ActiveCfg = Release|x64
		{BFCAF51D-D6CA-4E86-80F2-A0703CD43B2E}.Release|x64.Build.0 = Release|x64
		{BFCAF51D-D6CA-4E86-80F2-A0703CD43B2E}.Release|x86.ActiveCfg = Release|Win32
		{BFCAF51D-D6CA-4E86-80F2-A0703CD43B2E}.Release|x86.Build.0 = Release|Win32
		{531FC094-FDF4-4BDA-89C2-1E8878E62D5A}.Debug|x64.ActiveCfg = Debug|x64
		{531FC094-FDF4-4BDA-89C2-1E8878E62D5A}.Debug|x64.Build.0 = Debug|x64
		{531FC094-FDF4-4BDA-89C2-1E8878E62D5A}.Debug|x86.ActiveCfg = Debug|Win32
		{531FC094-FDF4-4BDA-89C2-1E8878E62D5A}.Debug|x86.Build.0 = Debug|Win32
		{531FC094-FDF4-4BDA-89C2-1E8878E62D5A}.Release|x64.ActiveCfg = Release|x64
		{531FC094-FDF4-4BDA-89C2-1E8878E62D5A}.Release|x64.Build.0 = Release|x64
		{531FC094-FDF4-4BDA-89C2-1E8878E62D5A}.Release|x86.ActiveCfg = Release|Win32
		{531FC094-FDF4-4BDA-89C2-1E8878E62D5A}.Release|x86.Build.0 = Release|Win32
		{E8539D47-C0D3-4D59-97CD-0C49645371DC}.Debug|x64.ActiveCfg = Debug|x64
		{E8539D47-C0D3-4D59-97CD-0C49645371DC}.Debug|x64.Build.0 = Debug|x64
		{E8539D47-C0D3-4D59-97CD-0C49645371DC}.Debug|x86.ActiveCfg = Debug|Win32
		{E8539D47-C0D3-4D59-97CD-0C49645371DC}.Debug|x86.Build.0 = Debug|Win32
		{E8539D47-C0D3-4D59-97CD-0C49645371DC}.Release|x64.ActiveCfg = Release|x64
		{E8539D47-C0D3-4D59-97CD-0C49645371DC}.Release|x64.Build.0 = Release|x64
		{E8539D47-C0D3-4D59-97CD-0C49645371DC}.Release|x86.ActiveCfg = Release|Win32
		{E8539D47-C0D3-4D59-97CD-0C49645371DC}.Release|x86.Build.0 = Release|Win32
		{4FC17390-3ADB-4ED6-86D0-9E578ECCA8C7}.Debug|x64.ActiveCfg = Debug|x64
		{4FC17390-3ADB-4ED6-86D0-9E578ECCA8C7}.Debug|x64.Build.0 = Debug|x64
		{4FC17390-3ADB-4ED6-86D0-9E578ECCA8C7}.Debug|x86.ActiveCfg = Debug|Win32
		{4FC17390-3ADB-4ED6-86D0-9E578ECCA8C7}.Debug|x86.Build.0 = Debug|Win32
		{4FC17390-3ADB-4ED6-86D0-9E578ECCA8C7}.Release|x64.ActiveCfg = Release|x64
		{4FC17390-3ADB-4ED6-86D0-9E578ECCA8C7}.Release|x64.Build.0 = Release|x64
		{4FC17390-3ADB-4ED6-86D0-9E578ECCA8C7}.Release|x86.ActiveCfg = Release|Win32
		{4FC17390-3ADB-4ED6-86D0-9E578ECCA8C7}.Release|x86.Build.0 = Release|Win32
		{65F78177-0BB6-4235-90C4-61CFB1FFE286}.Debug|x64.ActiveCfg = Debug|x64
		{65F78177-0BB6-4235-90C4-61CFB1FFE286}.Debug|x64.Build.0 = Debug|x64
		{65F78177-0BB6-4235-90C4-61CFB1FFE286}.Debug|x86.ActiveCfg = Debug|Win32
		{65F78177-0BB6-4235-90C4-61CFB1FFE286}.Debug|x86.Build.0 = Debug|Win32
		{65F78177-0BB6-4235-90C4-61CFB1FFE286}.Release|x64.ActiveCfg = Release|x64
		{65F78177-0BB6-4235-90C4-61CFB1FFE286}.Release|x64.Build.0 = Release|x64
		{65F78177-0BB6-4235-90C4-61CFB1FFE286}.Release|x86.ActiveCfg = Release|Win32
		{65F78177-0BB6-4235-90C4-61CFB1FFE286}.Release|x86.Build.0 = Release|Win32
		{37DD2302-A81B-4209-88D8-B9A2662D8BDD}.Debug|x64.ActiveCfg = Debug|x64
		{37DD2302-A81B-4209-88D8-B9A2662D8BDD}.Debug|x64.Build.0 = Debug|x64
		{37DD2302-A81B-4209-88D8-B9A2662D8BDD}.Debug|x86.ActiveCfg = Debug|Win32
		{37DD2302-A81B-4209-88D8-B9A2662D8BDD}.Debug|x86.Build.0 = Debug|Win32
		{37DD2302-A81B-4209-88D8-B9A2662D8BDD}.Release|x64.ActiveCfg = Release|x64
		{37DD2302-A81B-4209-88D8-B9A2662D8BDD}.Release|x64.Build.0 = Release|x64
		{37DD2302-A81B-4209-88D8-B9A2662D8BDD}.Release|x86.ActiveCfg = Release|Win32
		{37DD2302-A81B-4209-88D8-B9A2662D8BDD}.Release|x86.Build.0 = Release|Win32
		{3F9D3187-C106-4DD7-8F47-836281B6C8BE}.Debug|x64.ActiveCfg = Debug|x64
		{3F9D3187-C106-4DD7-8F47-836281B6C8BE}.Debug|x64.Build.0 = Debug|x64
		{3F9D3187-C106-4DD7-8F47-836281B6C8BE}.Debug|x86.ActiveCfg = Debug|Win32
		{3F9D3187-C106-4DD7-8F47-836281B6C8BE}.Debug|x86.Build.0 = Debug|Win32
		{3F9D3187-C106-4DD7-8F47-836281B6C8BE}.Release|x64.ActiveCfg = Release|x64
		{3F9D3187-C106-4DD7-8F47-836281B6C8BE}.Release|x64.Build.0 = Release|x64
		{3F9D3187-C106-4DD7-8F47-836281B6C8BE}.Release|x86.ActiveCfg = Release|Win32
		{3F9D3187-C106-4DD7-8F47-836281B6C8BE}.Release|x86.Build.0 = Release|Win32
		{6D485CC6-5B59-476E-9A91-AB5FE774D5C7}.Debug|x64.ActiveCfg = Debug|x64
		{6D485CC6-5B59-476E-9A91-AB5FE774D5C7}.Debug|x64.Build.0 = Debug|x64
		{6D485CC6-5B59-476E-9A91-AB5FE774D5C7}.Debug|x86.ActiveCfg = Debug|Win32
		{6D485CC6-5B59-476E-9A91-AB5FE774D5C7}.Debug|x86.Build.0 = Debug|Win32
		{6D485CC6-5B59-476E-9A91-AB5FE774D5C7}.Release|x64.ActiveCfg = Release|x64
		{6D485CC6-5B59-476E-9A91-AB5FE774D5C7}.Release|x64.Build.0 = Release|x64
		{6D485CC6-5B59-476E-9A91-AB5FE774D5C7}.Release|x86.ActiveCfg = Release|Win32
		{6D485CC6-5B59-476E-9A91-AB5FE774D5C7}.Release|x86.Build.0 = Release|Win32
		{E16F7873-AB09-4CB5-8D5A-DD8ACBFF589E}.Debug|x64.ActiveCfg = Debug|x64
		{E16F7873-AB09-4CB5-8D5A-DD8ACBFF589E}.Debug|x64.Build.0 = Debug|x64
		{E16F7873-AB09-4CB5-8D5A-DD8ACBFF589E}.Debug|x86.ActiveCfg = Debug|Win32
		{E16F7873-AB09-4CB5-8D5A-DD8ACBFF589E}.Debug|x86.Build.0 = Debug|Win32
		{E16F7873-AB09-4CB5-8D5A-DD8ACBFF589E}.Release|x64.ActiveCfg = Release|x64
		{E16F7873-AB09-4CB5-8D5A-DD8ACBFF589E}.Release|x64.Build.0 = Release|x64
		{E16F7873-AB09-4CB5-8D5A-DD8ACBFF589E}.Release|x86.ActiveCfg = Release|Win32
		{E16F7873-AB09-4CB5-8D5A-DD8ACBFF589E}.Release|x86.Build.0 = Release|Win32
		{747C4037-3857-489A-82F9-D251998FA298}.Debug|x64.ActiveCfg = Debug|x64
		{747C4037-3857-489A-82F9-D251998FA298}.Debug|x64.Build.0 = Debug|x64
		{747C4037-3857-489A-82F9-D251998FA298}.Debug|x86.ActiveCfg = Debug|Win32
		{747C4037-3857-489A-82F9-D251998FA298}.Debug|x86.Build.0 = Debug|Win32
		{747C4037-3857-489A-82F9-D251998FA298}.Release|x64.ActiveCfg = Release|x64
		{747C4037-3857-489A-82F9-D251998FA298}.Release|x64.Build.0 = Release|x64
		{747C4037-3857-489A-82F9-D251998FA298}.Release|x86.ActiveCfg = Release|Win32
		{747C4037-3857-489A-82F9-D251998FA298}.Release|x86.Build.0 = Release|Win32
		{E734950E-A5F8-42E3-A988-B75D55D7E9F8}.Debug|x64.ActiveCfg = Debug|x64
		{E734950E-A5F8-42E3-A988-B75D55D7E9F8}.Debug|x64.Build.0 = Debug|x64
		{E734950E-A5F8-42E3-A988-B75D55D7E9F8}.Debug|x86.ActiveCfg = Debug|Win32
		{E734950E-A5F8-42E3-A988-B75D55D7E9F8}.Debug|x86.Build.0 = Debug|Win32
		{E734950E-A5F8-42E3-A988-B75D55D7E9F8}.Release|x64.ActiveCfg = Release|x64
		{E734950E-A5F8-42E3-A988-B75D55D7E9F8}.Release|x64.Build.0 = Release|x64
		{E734950E-A5F8-42E3-A988-B75D55D7E9F8}.Release|x86.ActiveCfg = Release|Win32
		{E734950E-A5F8-42E3-A988-B75D55D7E9F8}.Release|x86.Build.0 = Release|Win32
		{B9B80D3C-6FAF-4A61-BB83-826C0C9CE469}.Debug|x64.ActiveCfg = Debug|x64
		{B9B80D3C-6FAF-4A61-BB83-826C0C9CE469}.Debug|x64.Build.0 = Debug|x64
		{B9B80D3C-6FAF-4A61-BB83-826C0C9CE469}.Debug|x86.ActiveCfg = Debug|Win32
		{B9B80D3C-6FAF-4A61-BB83-826C0C9CE469}.Debug|x86.Build.0 = Debug|Win32
		{B9B80D3C-6FAF-4A61-BB83-826C0C9CE469}.Release|x64.ActiveCfg = Release|x64
		{B9B80D3C-6FAF-4A61-BB83-826C0C9CE469}.Release|x64.Build.0 = Release|x64
		{B9B80D3C-6FAF-4A61-BB83-826C0C9CE469}.Release|x86.ActiveCfg = Release|Win32
		{B9B80D3C-6FAF-4A61-BB83-826C0C9CE469}.Release|x86.Build.0 = Release|Win32
		{3E87681F-6FC6-4AA5-B319-E465948EF676}.Debug|x64.ActiveCfg = Debug|x64
		{3E87681F-6FC6-4AA5-B319-E465948EF676}.Debug|x64.Build.0 = Debug|x64
		{3E87681F-6FC6-4AA5-B319-E465948EF676}.Debug|x86.ActiveCfg = Debug|Win32
		{3E87681F-6FC6-4AA5-B319-E465948EF676}.Debug|x86.Build.0 = Debug|Win32
		{3E87681F-6FC6-4AA5-B319-E465948EF676}.Release|x64.ActiveCfg = Release|x64
		{3E87681F-6FC6-4AA5-B319-E465948EF676}.Release|x64.Build.0 = Release|x64
		{3E87681F-6FC6-4AA5-B319-E465948EF676}.Release|x86.ActiveCfg = Release|Win32
		{3E87681F-6FC6-4AA5-B319-E465948EF676}.Release|x86.Build.0 = Release|Win32
		{C79EDAB8-5E6B-444A-AFEC-9B63CF2D17CE}.Debug|x64.ActiveCfg = Debug|x64
		{C79EDAB8-5E6B-444A-AFEC-9B63CF2D17CE}.Debug|x64.Build.0 = Debug|x64
		{C79EDAB8-5E6B-444A-AFEC-9B63CF2D17CE}.Debug|x86.ActiveCfg = Debug|Win32
		{C79EDAB8-5E6B-444A-AFEC-9B63CF2D17CE}.Debug|x86.Build.0 = Debug|Win32
		{C79EDAB8-5E6B-444A-AFEC-9B63CF2D17CE}.Release|x64.ActiveCfg = Release|x64
		{C79EDAB8-5E6B-444A-AFEC-9B63CF2D17CE}.Release|x64.Build.0 = Release|x64
		{C79EDAB8-5E6B-444A-AFEC-9B63CF2D17CE}.Release|x86.ActiveCfg = Release|Win32
		{C79EDAB8-5E6B-444A-AFEC-9B63CF2D17CE}.Release|x86.Build.0 = Release|Win32
	EndGlobalSection
	GlobalSection(SolutionProperties) = preSolution
		HideSolutionNode = FALSE
	EndGlobalSection
	GlobalSection(ExtensibilityGlobals) = postSolution
		SolutionGuid = {C0D96CFA-3232-4587-8B40-F1C8D185024F}
	EndGlobalSection
EndGlobal
